<?xml version="1.0" encoding="utf-8"?>
<Project ToolsVersion="4.0" xmlns="http://schemas.microsoft.com/developer/msbuild/2003">
  <ItemGroup>
    <ClCompile Include="src\testApp.cpp">
      <Filter>src</Filter>
    </ClCompile>
    <ClCompile Include="src\main.cpp">
      <Filter>src</Filter>
    </ClCompile>
    <ClCompile Include="..\src\ofxObjLoader.cpp">
      <Filter>addons\ofxObjLoader\src</Filter>
    </ClCompile>
    <ClCompile Include="..\libs\glm\glm.c">
      <Filter>addons\ofxObjLoader\libs\glm</Filter>
    </ClCompile>
  </ItemGroup>
  <ItemGroup>
    <Filter Include="src">
      <UniqueIdentifier>{d8376475-7454-4a24-b08a-aac121d3ad6f}</UniqueIdentifier>
    </Filter>
    <Filter Include="addons">
      <UniqueIdentifier>{4d67ab34-a062-493f-9790-fa58c5be4037}</UniqueIdentifier>
    </Filter>
    <Filter Include="addons\ofxObjLoader">
      <UniqueIdentifier>{ce04e173-75b6-4e16-898b-5cb667ed0646}</UniqueIdentifier>
    </Filter>
    <Filter Include="addons\ofxObjLoader\src">
      <UniqueIdentifier>{225b4c46-c00e-40fd-bb4f-02641f704d4c}</UniqueIdentifier>
    </Filter>
    <Filter Include="addons\ofxObjLoader\libs">
      <UniqueIdentifier>{58140bd6-e9f2-4203-bf87-6522bd012b50}</UniqueIdentifier>
    </Filter>
    <Filter Include="addons\ofxObjLoader\libs\glm">
      <UniqueIdentifier>{cb5af322-7a8f-4b96-8c98-e3081092b910}</UniqueIdentifier>
    </Filter>
  </ItemGroup>
  <ItemGroup>
    <ClInclude Include="src\testApp.h">
      <Filter>src</Filter>
    </ClInclude>
    <ClInclude Include="..\src\ofxObjLoader.h">
      <Filter>addons\ofxObjLoader\src</Filter>
    </ClInclude>
    <ClInclude Include="..\libs\glm\glm.h">
      <Filter>addons\ofxObjLoader\libs\glm</Filter>
    </ClInclude>
  </ItemGroup>
  <ItemGroup>
    <ResourceCompile Include="icon.rc" />
  </ItemGroup>
</Project>